// !$*UTF8*$!
{
	archiveVersion = 1;
	classes = {
	};
	objectVersion = 46;
	objects = {

/* Begin PBXBuildFile section */
		619ADF74C14846DCF0E26E94 /* libPods-ManWithVan.a in Frameworks */ = {isa = PBXBuildFile; fileRef = A4E711842A4405FE2D4818D0 /* libPods-ManWithVan.a */; };
		DC32C6861F43775E00009AD2 /* SMSocialLinksViewController.m in Sources */ = {isa = PBXBuildFile; fileRef = DC32C6851F43775E00009AD2 /* SMSocialLinksViewController.m */; };
		DC6EA4F61F1F8C150067C851 /* SMPresentMenuAnimator.m in Sources */ = {isa = PBXBuildFile; fileRef = DC6EA4EF1F1F8C150067C851 /* SMPresentMenuAnimator.m */; };
		DC6EA4F71F1F8C150067C851 /* SMDismissMenuAnimator.m in Sources */ = {isa = PBXBuildFile; fileRef = DC6EA4F11F1F8C150067C851 /* SMDismissMenuAnimator.m */; };
		DC6EA4F81F1F8C150067C851 /* SMMainViewController.m in Sources */ = {isa = PBXBuildFile; fileRef = DC6EA4F31F1F8C150067C851 /* SMMainViewController.m */; };
		DC6EA4F91F1F8C150067C851 /* SMSideMenuViewController.m in Sources */ = {isa = PBXBuildFile; fileRef = DC6EA4F51F1F8C150067C851 /* SMSideMenuViewController.m */; };
		DC6EA4FD1F1F91150067C851 /* SMCustomNavigationBar.m in Sources */ = {isa = PBXBuildFile; fileRef = DC6EA4FC1F1F91150067C851 /* SMCustomNavigationBar.m */; };
		DC6EA5001F1FBA590067C851 /* SMCustomButton.m in Sources */ = {isa = PBXBuildFile; fileRef = DC6EA4FF1F1FBA590067C851 /* SMCustomButton.m */; };
		DC6EA5071F1FDE770067C851 /* SMSideMenuViewCell.m in Sources */ = {isa = PBXBuildFile; fileRef = DC6EA5061F1FDE770067C851 /* SMSideMenuViewCell.m */; };
		DC6EA5101F20D1960067C851 /* SMCustomTableView.m in Sources */ = {isa = PBXBuildFile; fileRef = DC6EA50F1F20D1960067C851 /* SMCustomTableView.m */; };
		DC6EA5141F20E2530067C851 /* SMSignInViewController.m in Sources */ = {isa = PBXBuildFile; fileRef = DC6EA5131F20E2530067C851 /* SMSignInViewController.m */; };
		DC6EA5171F2107DD0067C851 /* SMCustomView.m in Sources */ = {isa = PBXBuildFile; fileRef = DC6EA5161F2107DD0067C851 /* SMCustomView.m */; };
		DC8513DE1F52B6AD005A0007 /* SMProfileViewCell.m in Sources */ = {isa = PBXBuildFile; fileRef = DC8513DD1F52B6AD005A0007 /* SMProfileViewCell.m */; };
		DC8513E11F52D656005A0007 /* SMDescriptionViewCell.m in Sources */ = {isa = PBXBuildFile; fileRef = DC8513E01F52D656005A0007 /* SMDescriptionViewCell.m */; };
		DC8513E41F5491A9005A0007 /* SMYourQuoteViewController.m in Sources */ = {isa = PBXBuildFile; fileRef = DC8513E31F5491A9005A0007 /* SMYourQuoteViewController.m */; };
		DC8513E71F570380005A0007 /* SMMapButton.m in Sources */ = {isa = PBXBuildFile; fileRef = DC8513E61F570380005A0007 /* SMMapButton.m */; };
		DC85271F1F221C1A0057D92B /* SMCustomLabel.m in Sources */ = {isa = PBXBuildFile; fileRef = DC85271E1F221C1A0057D92B /* SMCustomLabel.m */; };
		DC8527221F2220CB0057D92B /* SMSideMenusParentViewController.m in Sources */ = {isa = PBXBuildFile; fileRef = DC8527211F2220CB0057D92B /* SMSideMenusParentViewController.m */; };
		DC8527251F2226510057D92B /* SMRequestCallbackViewController.m in Sources */ = {isa = PBXBuildFile; fileRef = DC8527241F2226510057D92B /* SMRequestCallbackViewController.m */; };
		DC8527301F222DE40057D92B /* SMGetQuoteViewController.m in Sources */ = {isa = PBXBuildFile; fileRef = DC85272F1F222DE40057D92B /* SMGetQuoteViewController.m */; };
		DC8527351F260DC80057D92B /* SMTickSelectionButton.m in Sources */ = {isa = PBXBuildFile; fileRef = DC8527341F260DC80057D92B /* SMTickSelectionButton.m */; };
		DC8527381F2612180057D92B /* SMStartEndLocationViewController.m in Sources */ = {isa = PBXBuildFile; fileRef = DC8527371F2612180057D92B /* SMStartEndLocationViewController.m */; };
		DC85273B1F2618B70057D92B /* SMMapViewController.m in Sources */ = {isa = PBXBuildFile; fileRef = DC85273A1F2618B70057D92B /* SMMapViewController.m */; };
		DC85273E1F2618DB0057D92B /* MapKit.framework in Frameworks */ = {isa = PBXBuildFile; fileRef = DC85273D1F2618DB0057D92B /* MapKit.framework */; };
		DC8527411F2632480057D92B /* SMSectionLabel.m in Sources */ = {isa = PBXBuildFile; fileRef = DC8527401F2632480057D92B /* SMSectionLabel.m */; };
		DC8527441F263BC70057D92B /* SMSegueButton.m in Sources */ = {isa = PBXBuildFile; fileRef = DC8527431F263BC70057D92B /* SMSegueButton.m */; };
		DC8527501F2899640057D92B /* SMQuoteData.m in Sources */ = {isa = PBXBuildFile; fileRef = DC85274F1F2899640057D92B /* SMQuoteData.m */; };
		DC8527521F289AD10057D92B /* CoreLocation.framework in Frameworks */ = {isa = PBXBuildFile; fileRef = DC8527511F289AD10057D92B /* CoreLocation.framework */; };
		DC8527551F28A0990057D92B /* SMSetUpLocationData.m in Sources */ = {isa = PBXBuildFile; fileRef = DC8527541F28A0990057D92B /* SMSetUpLocationData.m */; };
		DC8527571F28F7C70057D92B /* MessageUI.framework in Frameworks */ = {isa = PBXBuildFile; fileRef = DC8527561F28F7C70057D92B /* MessageUI.framework */; settings = {ATTRIBUTES = (Required, ); }; };
		DC8B27881F1E3589008710D1 /* main.m in Sources */ = {isa = PBXBuildFile; fileRef = DC8B27871F1E3589008710D1 /* main.m */; };
		DC8B278B1F1E3589008710D1 /* AppDelegate.m in Sources */ = {isa = PBXBuildFile; fileRef = DC8B278A1F1E3589008710D1 /* AppDelegate.m */; };
		DC8B27911F1E3589008710D1 /* Main.storyboard in Resources */ = {isa = PBXBuildFile; fileRef = DC8B278F1F1E3589008710D1 /* Main.storyboard */; };
		DC8B27941F1E3589008710D1 /* ManWithVan.xcdatamodeld in Sources */ = {isa = PBXBuildFile; fileRef = DC8B27921F1E3589008710D1 /* ManWithVan.xcdatamodeld */; };
		DC8B27961F1E3589008710D1 /* Assets.xcassets in Resources */ = {isa = PBXBuildFile; fileRef = DC8B27951F1E3589008710D1 /* Assets.xcassets */; };
		DC8B27991F1E3589008710D1 /* LaunchScreen.storyboard in Resources */ = {isa = PBXBuildFile; fileRef = DC8B27971F1E3589008710D1 /* LaunchScreen.storyboard */; };
		DCBCD3461F573DAD008134A1 /* GoogleService-Info.plist in Resources */ = {isa = PBXBuildFile; fileRef = DCBCD3451F573DAD008134A1 /* GoogleService-Info.plist */; };
		DCD208931F2A015000548C36 /* SMPin.m in Sources */ = {isa = PBXBuildFile; fileRef = DCD208921F2A015000548C36 /* SMPin.m */; };
		DCD208961F2A380A00548C36 /* SMLocationAddress.m in Sources */ = {isa = PBXBuildFile; fileRef = DCD208951F2A380A00548C36 /* SMLocationAddress.m */; };
		DCD208991F2B2F7100548C36 /* SMLocationSettingsViewController.m in Sources */ = {isa = PBXBuildFile; fileRef = DCD208981F2B2F7100548C36 /* SMLocationSettingsViewController.m */; };
		DCD2089C1F2B479800548C36 /* SMMovingTypeViewController.m in Sources */ = {isa = PBXBuildFile; fileRef = DCD2089B1F2B479800548C36 /* SMMovingTypeViewController.m */; };
		DCD208C21F3CC66F00548C36 /* SMAddPhotoViewCell.m in Sources */ = {isa = PBXBuildFile; fileRef = DCD208C11F3CC66F00548C36 /* SMAddPhotoViewCell.m */; };
		DCD208C31F40A51D00548C36 /* SMDataManager.m in Sources */ = {isa = PBXBuildFile; fileRef = DC6EA5031F1FBBC20067C851 /* SMDataManager.m */; };
		DCD208C61F40C3D100548C36 /* SMCustomActivityIndicator.m in Sources */ = {isa = PBXBuildFile; fileRef = DCD208C51F40C3D100548C36 /* SMCustomActivityIndicator.m */; };
		DCE0DFBC1F44A88400AAB030 /* SMReviewsModel.m in Sources */ = {isa = PBXBuildFile; fileRef = DCE0DFBB1F44A88400AAB030 /* SMReviewsModel.m */; };
		DCE0DFBF1F44AC9700AAB030 /* SMReviewsViewController.m in Sources */ = {isa = PBXBuildFile; fileRef = DCE0DFBE1F44AC9700AAB030 /* SMReviewsViewController.m */; };
		DCE0DFC21F44AFDB00AAB030 /* SMReviewsViewCell.m in Sources */ = {isa = PBXBuildFile; fileRef = DCE0DFC11F44AFDB00AAB030 /* SMReviewsViewCell.m */; };
		DCE0DFC51F45D9F800AAB030 /* SMGalleryViewController.m in Sources */ = {isa = PBXBuildFile; fileRef = DCE0DFC41F45D9F800AAB030 /* SMGalleryViewController.m */; };
		DCE0DFC81F45DAFE00AAB030 /* SMGalleryViewCell.m in Sources */ = {isa = PBXBuildFile; fileRef = DCE0DFC71F45DAFE00AAB030 /* SMGalleryViewCell.m */; };
		DCE0DFF11F48A4DD00AAB030 /* SMInteractor.m in Sources */ = {isa = PBXBuildFile; fileRef = DCE0DFF01F48A4DD00AAB030 /* SMInteractor.m */; };
		DCE0DFF71F49B43200AAB030 /* SMCustomNavBarWithoutBtn.m in Sources */ = {isa = PBXBuildFile; fileRef = DCE0DFF61F49B43200AAB030 /* SMCustomNavBarWithoutBtn.m */; };
		DCF9F8211F210C97001E790A /* SMCustomTextField.m in Sources */ = {isa = PBXBuildFile; fileRef = DCF9F8201F210C97001E790A /* SMCustomTextField.m */; };
		DCF9F8241F21134A001E790A /* SMAboutUsViewController.m in Sources */ = {isa = PBXBuildFile; fileRef = DCF9F8231F21134A001E790A /* SMAboutUsViewController.m */; };
/* End PBXBuildFile section */

/* Begin PBXFileReference section */
		0E327D297DFB6C5688BEA6F9 /* Pods-ManWithVan.release.xcconfig */ = {isa = PBXFileReference; includeInIndex = 1; lastKnownFileType = text.xcconfig; name = "Pods-ManWithVan.release.xcconfig"; path = "Pods/Target Support Files/Pods-ManWithVan/Pods-ManWithVan.release.xcconfig"; sourceTree = "<group>"; };
		246BC91866446648B724B77E /* Pods-ManWithVan.debug.xcconfig */ = {isa = PBXFileReference; includeInIndex = 1; lastKnownFileType = text.xcconfig; name = "Pods-ManWithVan.debug.xcconfig"; path = "Pods/Target Support Files/Pods-ManWithVan/Pods-ManWithVan.debug.xcconfig"; sourceTree = "<group>"; };
		A4E711842A4405FE2D4818D0 /* libPods-ManWithVan.a */ = {isa = PBXFileReference; explicitFileType = archive.ar; includeInIndex = 0; path = "libPods-ManWithVan.a"; sourceTree = BUILT_PRODUCTS_DIR; };
		DC32C6841F43775E00009AD2 /* SMSocialLinksViewController.h */ = {isa = PBXFileReference; fileEncoding = 4; lastKnownFileType = sourcecode.c.h; path = SMSocialLinksViewController.h; sourceTree = "<group>"; };
		DC32C6851F43775E00009AD2 /* SMSocialLinksViewController.m */ = {isa = PBXFileReference; fileEncoding = 4; lastKnownFileType = sourcecode.c.objc; path = SMSocialLinksViewController.m; sourceTree = "<group>"; };
		DC6EA4EE1F1F8C150067C851 /* SMPresentMenuAnimator.h */ = {isa = PBXFileReference; fileEncoding = 4; lastKnownFileType = sourcecode.c.h; path = SMPresentMenuAnimator.h; sourceTree = "<group>"; };
		DC6EA4EF1F1F8C150067C851 /* SMPresentMenuAnimator.m */ = {isa = PBXFileReference; fileEncoding = 4; lastKnownFileType = sourcecode.c.objc; path = SMPresentMenuAnimator.m; sourceTree = "<group>"; };
		DC6EA4F01F1F8C150067C851 /* SMDismissMenuAnimator.h */ = {isa = PBXFileReference; fileEncoding = 4; lastKnownFileType = sourcecode.c.h; path = SMDismissMenuAnimator.h; sourceTree = "<group>"; };
		DC6EA4F11F1F8C150067C851 /* SMDismissMenuAnimator.m */ = {isa = PBXFileReference; fileEncoding = 4; lastKnownFileType = sourcecode.c.objc; path = SMDismissMenuAnimator.m; sourceTree = "<group>"; };
		DC6EA4F21F1F8C150067C851 /* SMMainViewController.h */ = {isa = PBXFileReference; fileEncoding = 4; lastKnownFileType = sourcecode.c.h; path = SMMainViewController.h; sourceTree = "<group>"; };
		DC6EA4F31F1F8C150067C851 /* SMMainViewController.m */ = {isa = PBXFileReference; fileEncoding = 4; lastKnownFileType = sourcecode.c.objc; path = SMMainViewController.m; sourceTree = "<group>"; };
		DC6EA4F41F1F8C150067C851 /* SMSideMenuViewController.h */ = {isa = PBXFileReference; fileEncoding = 4; lastKnownFileType = sourcecode.c.h; path = SMSideMenuViewController.h; sourceTree = "<group>"; };
		DC6EA4F51F1F8C150067C851 /* SMSideMenuViewController.m */ = {isa = PBXFileReference; fileEncoding = 4; lastKnownFileType = sourcecode.c.objc; path = SMSideMenuViewController.m; sourceTree = "<group>"; };
		DC6EA4FB1F1F91150067C851 /* SMCustomNavigationBar.h */ = {isa = PBXFileReference; fileEncoding = 4; lastKnownFileType = sourcecode.c.h; path = SMCustomNavigationBar.h; sourceTree = "<group>"; };
		DC6EA4FC1F1F91150067C851 /* SMCustomNavigationBar.m */ = {isa = PBXFileReference; fileEncoding = 4; lastKnownFileType = sourcecode.c.objc; path = SMCustomNavigationBar.m; sourceTree = "<group>"; };
		DC6EA4FE1F1FBA590067C851 /* SMCustomButton.h */ = {isa = PBXFileReference; fileEncoding = 4; lastKnownFileType = sourcecode.c.h; path = SMCustomButton.h; sourceTree = "<group>"; };
		DC6EA4FF1F1FBA590067C851 /* SMCustomButton.m */ = {isa = PBXFileReference; fileEncoding = 4; lastKnownFileType = sourcecode.c.objc; path = SMCustomButton.m; sourceTree = "<group>"; };
		DC6EA5021F1FBBC20067C851 /* SMDataManager.h */ = {isa = PBXFileReference; fileEncoding = 4; lastKnownFileType = sourcecode.c.h; path = SMDataManager.h; sourceTree = "<group>"; };
		DC6EA5031F1FBBC20067C851 /* SMDataManager.m */ = {isa = PBXFileReference; fileEncoding = 4; lastKnownFileType = sourcecode.c.objc; path = SMDataManager.m; sourceTree = "<group>"; };
		DC6EA5051F1FDE770067C851 /* SMSideMenuViewCell.h */ = {isa = PBXFileReference; fileEncoding = 4; lastKnownFileType = sourcecode.c.h; path = SMSideMenuViewCell.h; sourceTree = "<group>"; };
		DC6EA5061F1FDE770067C851 /* SMSideMenuViewCell.m */ = {isa = PBXFileReference; fileEncoding = 4; lastKnownFileType = sourcecode.c.objc; path = SMSideMenuViewCell.m; sourceTree = "<group>"; };
		DC6EA50E1F20D1960067C851 /* SMCustomTableView.h */ = {isa = PBXFileReference; fileEncoding = 4; lastKnownFileType = sourcecode.c.h; path = SMCustomTableView.h; sourceTree = "<group>"; };
		DC6EA50F1F20D1960067C851 /* SMCustomTableView.m */ = {isa = PBXFileReference; fileEncoding = 4; lastKnownFileType = sourcecode.c.objc; path = SMCustomTableView.m; sourceTree = "<group>"; };
		DC6EA5121F20E2530067C851 /* SMSignInViewController.h */ = {isa = PBXFileReference; fileEncoding = 4; lastKnownFileType = sourcecode.c.h; path = SMSignInViewController.h; sourceTree = "<group>"; };
		DC6EA5131F20E2530067C851 /* SMSignInViewController.m */ = {isa = PBXFileReference; fileEncoding = 4; lastKnownFileType = sourcecode.c.objc; path = SMSignInViewController.m; sourceTree = "<group>"; };
		DC6EA5151F2107DD0067C851 /* SMCustomView.h */ = {isa = PBXFileReference; fileEncoding = 4; lastKnownFileType = sourcecode.c.h; path = SMCustomView.h; sourceTree = "<group>"; };
		DC6EA5161F2107DD0067C851 /* SMCustomView.m */ = {isa = PBXFileReference; fileEncoding = 4; lastKnownFileType = sourcecode.c.objc; path = SMCustomView.m; sourceTree = "<group>"; };
		DC8513DC1F52B6AD005A0007 /* SMProfileViewCell.h */ = {isa = PBXFileReference; fileEncoding = 4; lastKnownFileType = sourcecode.c.h; path = SMProfileViewCell.h; sourceTree = "<group>"; };
		DC8513DD1F52B6AD005A0007 /* SMProfileViewCell.m */ = {isa = PBXFileReference; fileEncoding = 4; lastKnownFileType = sourcecode.c.objc; path = SMProfileViewCell.m; sourceTree = "<group>"; };
		DC8513DF1F52D656005A0007 /* SMDescriptionViewCell.h */ = {isa = PBXFileReference; fileEncoding = 4; lastKnownFileType = sourcecode.c.h; path = SMDescriptionViewCell.h; sourceTree = "<group>"; };
		DC8513E01F52D656005A0007 /* SMDescriptionViewCell.m */ = {isa = PBXFileReference; fileEncoding = 4; lastKnownFileType = sourcecode.c.objc; path = SMDescriptionViewCell.m; sourceTree = "<group>"; };
		DC8513E21F5491A9005A0007 /* SMYourQuoteViewController.h */ = {isa = PBXFileReference; fileEncoding = 4; lastKnownFileType = sourcecode.c.h; path = SMYourQuoteViewController.h; sourceTree = "<group>"; };
		DC8513E31F5491A9005A0007 /* SMYourQuoteViewController.m */ = {isa = PBXFileReference; fileEncoding = 4; lastKnownFileType = sourcecode.c.objc; path = SMYourQuoteViewController.m; sourceTree = "<group>"; };
		DC8513E51F570380005A0007 /* SMMapButton.h */ = {isa = PBXFileReference; fileEncoding = 4; lastKnownFileType = sourcecode.c.h; path = SMMapButton.h; sourceTree = "<group>"; };
		DC8513E61F570380005A0007 /* SMMapButton.m */ = {isa = PBXFileReference; fileEncoding = 4; lastKnownFileType = sourcecode.c.objc; path = SMMapButton.m; sourceTree = "<group>"; };
		DC85271D1F221C1A0057D92B /* SMCustomLabel.h */ = {isa = PBXFileReference; fileEncoding = 4; lastKnownFileType = sourcecode.c.h; path = SMCustomLabel.h; sourceTree = "<group>"; };
		DC85271E1F221C1A0057D92B /* SMCustomLabel.m */ = {isa = PBXFileReference; fileEncoding = 4; lastKnownFileType = sourcecode.c.objc; path = SMCustomLabel.m; sourceTree = "<group>"; };
		DC8527201F2220CB0057D92B /* SMSideMenusParentViewController.h */ = {isa = PBXFileReference; fileEncoding = 4; lastKnownFileType = sourcecode.c.h; path = SMSideMenusParentViewController.h; sourceTree = "<group>"; };
		DC8527211F2220CB0057D92B /* SMSideMenusParentViewController.m */ = {isa = PBXFileReference; fileEncoding = 4; lastKnownFileType = sourcecode.c.objc; path = SMSideMenusParentViewController.m; sourceTree = "<group>"; };
		DC8527231F2226510057D92B /* SMRequestCallbackViewController.h */ = {isa = PBXFileReference; fileEncoding = 4; lastKnownFileType = sourcecode.c.h; path = SMRequestCallbackViewController.h; sourceTree = "<group>"; };
		DC8527241F2226510057D92B /* SMRequestCallbackViewController.m */ = {isa = PBXFileReference; fileEncoding = 4; lastKnownFileType = sourcecode.c.objc; path = SMRequestCallbackViewController.m; sourceTree = "<group>"; };
		DC85272E1F222DE40057D92B /* SMGetQuoteViewController.h */ = {isa = PBXFileReference; fileEncoding = 4; lastKnownFileType = sourcecode.c.h; path = SMGetQuoteViewController.h; sourceTree = "<group>"; };
		DC85272F1F222DE40057D92B /* SMGetQuoteViewController.m */ = {isa = PBXFileReference; fileEncoding = 4; lastKnownFileType = sourcecode.c.objc; path = SMGetQuoteViewController.m; sourceTree = "<group>"; };
		DC8527331F260DC80057D92B /* SMTickSelectionButton.h */ = {isa = PBXFileReference; fileEncoding = 4; lastKnownFileType = sourcecode.c.h; path = SMTickSelectionButton.h; sourceTree = "<group>"; };
		DC8527341F260DC80057D92B /* SMTickSelectionButton.m */ = {isa = PBXFileReference; fileEncoding = 4; lastKnownFileType = sourcecode.c.objc; path = SMTickSelectionButton.m; sourceTree = "<group>"; };
		DC8527361F2612180057D92B /* SMStartEndLocationViewController.h */ = {isa = PBXFileReference; fileEncoding = 4; lastKnownFileType = sourcecode.c.h; path = SMStartEndLocationViewController.h; sourceTree = "<group>"; };
		DC8527371F2612180057D92B /* SMStartEndLocationViewController.m */ = {isa = PBXFileReference; fileEncoding = 4; lastKnownFileType = sourcecode.c.objc; path = SMStartEndLocationViewController.m; sourceTree = "<group>"; };
		DC8527391F2618B70057D92B /* SMMapViewController.h */ = {isa = PBXFileReference; fileEncoding = 4; lastKnownFileType = sourcecode.c.h; path = SMMapViewController.h; sourceTree = "<group>"; };
		DC85273A1F2618B70057D92B /* SMMapViewController.m */ = {isa = PBXFileReference; fileEncoding = 4; lastKnownFileType = sourcecode.c.objc; path = SMMapViewController.m; sourceTree = "<group>"; };
		DC85273D1F2618DB0057D92B /* MapKit.framework */ = {isa = PBXFileReference; lastKnownFileType = wrapper.framework; name = MapKit.framework; path = System/Library/Frameworks/MapKit.framework; sourceTree = SDKROOT; };
		DC85273F1F2632480057D92B /* SMSectionLabel.h */ = {isa = PBXFileReference; fileEncoding = 4; lastKnownFileType = sourcecode.c.h; path = SMSectionLabel.h; sourceTree = "<group>"; };
		DC8527401F2632480057D92B /* SMSectionLabel.m */ = {isa = PBXFileReference; fileEncoding = 4; lastKnownFileType = sourcecode.c.objc; path = SMSectionLabel.m; sourceTree = "<group>"; };
		DC8527421F263BC70057D92B /* SMSegueButton.h */ = {isa = PBXFileReference; fileEncoding = 4; lastKnownFileType = sourcecode.c.h; path = SMSegueButton.h; sourceTree = "<group>"; };
		DC8527431F263BC70057D92B /* SMSegueButton.m */ = {isa = PBXFileReference; fileEncoding = 4; lastKnownFileType = sourcecode.c.objc; path = SMSegueButton.m; sourceTree = "<group>"; };
		DC85274E1F2899640057D92B /* SMQuoteData.h */ = {isa = PBXFileReference; fileEncoding = 4; lastKnownFileType = sourcecode.c.h; path = SMQuoteData.h; sourceTree = "<group>"; };
		DC85274F1F2899640057D92B /* SMQuoteData.m */ = {isa = PBXFileReference; fileEncoding = 4; lastKnownFileType = sourcecode.c.objc; path = SMQuoteData.m; sourceTree = "<group>"; };
		DC8527511F289AD10057D92B /* CoreLocation.framework */ = {isa = PBXFileReference; lastKnownFileType = wrapper.framework; name = CoreLocation.framework; path = System/Library/Frameworks/CoreLocation.framework; sourceTree = SDKROOT; };
		DC8527531F28A0990057D92B /* SMSetUpLocationData.h */ = {isa = PBXFileReference; fileEncoding = 4; lastKnownFileType = sourcecode.c.h; path = SMSetUpLocationData.h; sourceTree = "<group>"; };
		DC8527541F28A0990057D92B /* SMSetUpLocationData.m */ = {isa = PBXFileReference; fileEncoding = 4; lastKnownFileType = sourcecode.c.objc; path = SMSetUpLocationData.m; sourceTree = "<group>"; };
		DC8527561F28F7C70057D92B /* MessageUI.framework */ = {isa = PBXFileReference; lastKnownFileType = wrapper.framework; name = MessageUI.framework; path = System/Library/Frameworks/MessageUI.framework; sourceTree = SDKROOT; };
		DC8B27831F1E3589008710D1 /* ManWithVan.app */ = {isa = PBXFileReference; explicitFileType = wrapper.application; includeInIndex = 0; path = ManWithVan.app; sourceTree = BUILT_PRODUCTS_DIR; };
		DC8B27871F1E3589008710D1 /* main.m */ = {isa = PBXFileReference; lastKnownFileType = sourcecode.c.objc; path = main.m; sourceTree = "<group>"; };
		DC8B27891F1E3589008710D1 /* AppDelegate.h */ = {isa = PBXFileReference; lastKnownFileType = sourcecode.c.h; path = AppDelegate.h; sourceTree = "<group>"; };
		DC8B278A1F1E3589008710D1 /* AppDelegate.m */ = {isa = PBXFileReference; lastKnownFileType = sourcecode.c.objc; path = AppDelegate.m; sourceTree = "<group>"; };
		DC8B27901F1E3589008710D1 /* Base */ = {isa = PBXFileReference; lastKnownFileType = file.storyboard; name = Base; path = Base.lproj/Main.storyboard; sourceTree = "<group>"; };
		DC8B27931F1E3589008710D1 /* ManWithVan.xcdatamodel */ = {isa = PBXFileReference; lastKnownFileType = wrapper.xcdatamodel; path = ManWithVan.xcdatamodel; sourceTree = "<group>"; };
		DC8B27951F1E3589008710D1 /* Assets.xcassets */ = {isa = PBXFileReference; lastKnownFileType = folder.assetcatalog; path = Assets.xcassets; sourceTree = "<group>"; };
		DC8B27981F1E3589008710D1 /* Base */ = {isa = PBXFileReference; lastKnownFileType = file.storyboard; name = Base; path = Base.lproj/LaunchScreen.storyboard; sourceTree = "<group>"; };
		DC8B279A1F1E3589008710D1 /* Info.plist */ = {isa = PBXFileReference; lastKnownFileType = text.plist.xml; path = Info.plist; sourceTree = "<group>"; };
		DCBCD3451F573DAD008134A1 /* GoogleService-Info.plist */ = {isa = PBXFileReference; fileEncoding = 4; lastKnownFileType = text.plist.xml; path = "GoogleService-Info.plist"; sourceTree = "<group>"; };
		DCD208911F2A015000548C36 /* SMPin.h */ = {isa = PBXFileReference; fileEncoding = 4; lastKnownFileType = sourcecode.c.h; path = SMPin.h; sourceTree = "<group>"; };
		DCD208921F2A015000548C36 /* SMPin.m */ = {isa = PBXFileReference; fileEncoding = 4; lastKnownFileType = sourcecode.c.objc; path = SMPin.m; sourceTree = "<group>"; };
		DCD208941F2A380A00548C36 /* SMLocationAddress.h */ = {isa = PBXFileReference; fileEncoding = 4; lastKnownFileType = sourcecode.c.h; path = SMLocationAddress.h; sourceTree = "<group>"; };
		DCD208951F2A380A00548C36 /* SMLocationAddress.m */ = {isa = PBXFileReference; fileEncoding = 4; lastKnownFileType = sourcecode.c.objc; path = SMLocationAddress.m; sourceTree = "<group>"; };
		DCD208971F2B2F7100548C36 /* SMLocationSettingsViewController.h */ = {isa = PBXFileReference; fileEncoding = 4; lastKnownFileType = sourcecode.c.h; path = SMLocationSettingsViewController.h; sourceTree = "<group>"; };
		DCD208981F2B2F7100548C36 /* SMLocationSettingsViewController.m */ = {isa = PBXFileReference; fileEncoding = 4; lastKnownFileType = sourcecode.c.objc; path = SMLocationSettingsViewController.m; sourceTree = "<group>"; };
		DCD2089A1F2B479800548C36 /* SMMovingTypeViewController.h */ = {isa = PBXFileReference; fileEncoding = 4; lastKnownFileType = sourcecode.c.h; path = SMMovingTypeViewController.h; sourceTree = "<group>"; };
		DCD2089B1F2B479800548C36 /* SMMovingTypeViewController.m */ = {isa = PBXFileReference; fileEncoding = 4; lastKnownFileType = sourcecode.c.objc; path = SMMovingTypeViewController.m; sourceTree = "<group>"; };
		DCD208C01F3CC66F00548C36 /* SMAddPhotoViewCell.h */ = {isa = PBXFileReference; fileEncoding = 4; lastKnownFileType = sourcecode.c.h; path = SMAddPhotoViewCell.h; sourceTree = "<group>"; };
		DCD208C11F3CC66F00548C36 /* SMAddPhotoViewCell.m */ = {isa = PBXFileReference; fileEncoding = 4; lastKnownFileType = sourcecode.c.objc; path = SMAddPhotoViewCell.m; sourceTree = "<group>"; };
		DCD208C41F40C3D100548C36 /* SMCustomActivityIndicator.h */ = {isa = PBXFileReference; fileEncoding = 4; lastKnownFileType = sourcecode.c.h; path = SMCustomActivityIndicator.h; sourceTree = "<group>"; };
		DCD208C51F40C3D100548C36 /* SMCustomActivityIndicator.m */ = {isa = PBXFileReference; fileEncoding = 4; lastKnownFileType = sourcecode.c.objc; path = SMCustomActivityIndicator.m; sourceTree = "<group>"; };
		DCE0DFBA1F44A88400AAB030 /* SMReviewsModel.h */ = {isa = PBXFileReference; fileEncoding = 4; lastKnownFileType = sourcecode.c.h; path = SMReviewsModel.h; sourceTree = "<group>"; };
		DCE0DFBB1F44A88400AAB030 /* SMReviewsModel.m */ = {isa = PBXFileReference; fileEncoding = 4; lastKnownFileType = sourcecode.c.objc; path = SMReviewsModel.m; sourceTree = "<group>"; };
		DCE0DFBD1F44AC9700AAB030 /* SMReviewsViewController.h */ = {isa = PBXFileReference; fileEncoding = 4; lastKnownFileType = sourcecode.c.h; path = SMReviewsViewController.h; sourceTree = "<group>"; };
		DCE0DFBE1F44AC9700AAB030 /* SMReviewsViewController.m */ = {isa = PBXFileReference; fileEncoding = 4; lastKnownFileType = sourcecode.c.objc; path = SMReviewsViewController.m; sourceTree = "<group>"; };
		DCE0DFC01F44AFDB00AAB030 /* SMReviewsViewCell.h */ = {isa = PBXFileReference; fileEncoding = 4; lastKnownFileType = sourcecode.c.h; path = SMReviewsViewCell.h; sourceTree = "<group>"; };
		DCE0DFC11F44AFDB00AAB030 /* SMReviewsViewCell.m */ = {isa = PBXFileReference; fileEncoding = 4; lastKnownFileType = sourcecode.c.objc; path = SMReviewsViewCell.m; sourceTree = "<group>"; };
		DCE0DFC31F45D9F800AAB030 /* SMGalleryViewController.h */ = {isa = PBXFileReference; fileEncoding = 4; lastKnownFileType = sourcecode.c.h; path = SMGalleryViewController.h; sourceTree = "<group>"; };
		DCE0DFC41F45D9F800AAB030 /* SMGalleryViewController.m */ = {isa = PBXFileReference; fileEncoding = 4; lastKnownFileType = sourcecode.c.objc; path = SMGalleryViewController.m; sourceTree = "<group>"; };
		DCE0DFC61F45DAFE00AAB030 /* SMGalleryViewCell.h */ = {isa = PBXFileReference; fileEncoding = 4; lastKnownFileType = sourcecode.c.h; path = SMGalleryViewCell.h; sourceTree = "<group>"; };
		DCE0DFC71F45DAFE00AAB030 /* SMGalleryViewCell.m */ = {isa = PBXFileReference; fileEncoding = 4; lastKnownFileType = sourcecode.c.objc; path = SMGalleryViewCell.m; sourceTree = "<group>"; };
		DCE0DFEF1F48A4DD00AAB030 /* SMInteractor.h */ = {isa = PBXFileReference; fileEncoding = 4; lastKnownFileType = sourcecode.c.h; path = SMInteractor.h; sourceTree = "<group>"; };
		DCE0DFF01F48A4DD00AAB030 /* SMInteractor.m */ = {isa = PBXFileReference; fileEncoding = 4; lastKnownFileType = sourcecode.c.objc; path = SMInteractor.m; sourceTree = "<group>"; };
		DCE0DFF51F49B43200AAB030 /* SMCustomNavBarWithoutBtn.h */ = {isa = PBXFileReference; fileEncoding = 4; lastKnownFileType = sourcecode.c.h; path = SMCustomNavBarWithoutBtn.h; sourceTree = "<group>"; };
		DCE0DFF61F49B43200AAB030 /* SMCustomNavBarWithoutBtn.m */ = {isa = PBXFileReference; fileEncoding = 4; lastKnownFileType = sourcecode.c.objc; path = SMCustomNavBarWithoutBtn.m; sourceTree = "<group>"; };
		DCF9F81F1F210C97001E790A /* SMCustomTextField.h */ = {isa = PBXFileReference; fileEncoding = 4; lastKnownFileType = sourcecode.c.h; path = SMCustomTextField.h; sourceTree = "<group>"; };
		DCF9F8201F210C97001E790A /* SMCustomTextField.m */ = {isa = PBXFileReference; fileEncoding = 4; lastKnownFileType = sourcecode.c.objc; path = SMCustomTextField.m; sourceTree = "<group>"; };
		DCF9F8221F21134A001E790A /* SMAboutUsViewController.h */ = {isa = PBXFileReference; fileEncoding = 4; lastKnownFileType = sourcecode.c.h; path = SMAboutUsViewController.h; sourceTree = "<group>"; };
		DCF9F8231F21134A001E790A /* SMAboutUsViewController.m */ = {isa = PBXFileReference; fileEncoding = 4; lastKnownFileType = sourcecode.c.objc; path = SMAboutUsViewController.m; sourceTree = "<group>"; };
/* End PBXFileReference section */

/* Begin PBXFrameworksBuildPhase section */
		DC8B27801F1E3589008710D1 /* Frameworks */ = {
			isa = PBXFrameworksBuildPhase;
			buildActionMask = 2147483647;
			files = (
				DC8527571F28F7C70057D92B /* MessageUI.framework in Frameworks */,
				DC8527521F289AD10057D92B /* CoreLocation.framework in Frameworks */,
				DC85273E1F2618DB0057D92B /* MapKit.framework in Frameworks */,
				619ADF74C14846DCF0E26E94 /* libPods-ManWithVan.a in Frameworks */,
			);
			runOnlyForDeploymentPostprocessing = 0;
		};
/* End PBXFrameworksBuildPhase section */

/* Begin PBXGroup section */
		1413710AE69849373072D112 /* Pods */ = {
			isa = PBXGroup;
			children = (
				246BC91866446648B724B77E /* Pods-ManWithVan.debug.xcconfig */,
				0E327D297DFB6C5688BEA6F9 /* Pods-ManWithVan.release.xcconfig */,
			);
			name = Pods;
			sourceTree = "<group>";
		};
		DC6EA4ED1F1F8BFC0067C851 /* Animators */ = {
			isa = PBXGroup;
			children = (
				DC6EA4EE1F1F8C150067C851 /* SMPresentMenuAnimator.h */,
				DC6EA4EF1F1F8C150067C851 /* SMPresentMenuAnimator.m */,
				DC6EA4F01F1F8C150067C851 /* SMDismissMenuAnimator.h */,
				DC6EA4F11F1F8C150067C851 /* SMDismissMenuAnimator.m */,
				DCE0DFEF1F48A4DD00AAB030 /* SMInteractor.h */,
				DCE0DFF01F48A4DD00AAB030 /* SMInteractor.m */,
			);
			name = Animators;
			sourceTree = "<group>";
		};
		DC6EA4FA1F1F91000067C851 /* View */ = {
			isa = PBXGroup;
			children = (
				DC8513DB1F52B670005A0007 /* Cells */,
				DC6EA4FB1F1F91150067C851 /* SMCustomNavigationBar.h */,
				DC6EA4FC1F1F91150067C851 /* SMCustomNavigationBar.m */,
				DCE0DFF51F49B43200AAB030 /* SMCustomNavBarWithoutBtn.h */,
				DCE0DFF61F49B43200AAB030 /* SMCustomNavBarWithoutBtn.m */,
				DC6EA4FE1F1FBA590067C851 /* SMCustomButton.h */,
				DC6EA4FF1F1FBA590067C851 /* SMCustomButton.m */,
				DC6EA50E1F20D1960067C851 /* SMCustomTableView.h */,
				DC6EA50F1F20D1960067C851 /* SMCustomTableView.m */,
				DC6EA5151F2107DD0067C851 /* SMCustomView.h */,
				DC6EA5161F2107DD0067C851 /* SMCustomView.m */,
				DCF9F81F1F210C97001E790A /* SMCustomTextField.h */,
				DCF9F8201F210C97001E790A /* SMCustomTextField.m */,
				DC85271D1F221C1A0057D92B /* SMCustomLabel.h */,
				DC85271E1F221C1A0057D92B /* SMCustomLabel.m */,
				DC8527331F260DC80057D92B /* SMTickSelectionButton.h */,
				DC8527341F260DC80057D92B /* SMTickSelectionButton.m */,
				DC85273F1F2632480057D92B /* SMSectionLabel.h */,
				DC8527401F2632480057D92B /* SMSectionLabel.m */,
				DC8527421F263BC70057D92B /* SMSegueButton.h */,
				DC8527431F263BC70057D92B /* SMSegueButton.m */,
				DCD208C41F40C3D100548C36 /* SMCustomActivityIndicator.h */,
				DCD208C51F40C3D100548C36 /* SMCustomActivityIndicator.m */,
				DC8513E51F570380005A0007 /* SMMapButton.h */,
				DC8513E61F570380005A0007 /* SMMapButton.m */,
			);
			name = View;
			sourceTree = "<group>";
		};
		DC6EA5011F1FBB730067C851 /* Model */ = {
			isa = PBXGroup;
			children = (
				DC6EA5021F1FBBC20067C851 /* SMDataManager.h */,
				DC6EA5031F1FBBC20067C851 /* SMDataManager.m */,
				DC85274E1F2899640057D92B /* SMQuoteData.h */,
				DC85274F1F2899640057D92B /* SMQuoteData.m */,
				DC8527531F28A0990057D92B /* SMSetUpLocationData.h */,
				DC8527541F28A0990057D92B /* SMSetUpLocationData.m */,
				DCD208911F2A015000548C36 /* SMPin.h */,
				DCD208921F2A015000548C36 /* SMPin.m */,
				DCD208941F2A380A00548C36 /* SMLocationAddress.h */,
				DCD208951F2A380A00548C36 /* SMLocationAddress.m */,
				DCE0DFBA1F44A88400AAB030 /* SMReviewsModel.h */,
				DCE0DFBB1F44A88400AAB030 /* SMReviewsModel.m */,
			);
			name = Model;
			sourceTree = "<group>";
		};
		DC6EA5111F20E2390067C851 /* Controller */ = {
			isa = PBXGroup;
			children = (
				DC6EA4ED1F1F8BFC0067C851 /* Animators */,
				DC8527201F2220CB0057D92B /* SMSideMenusParentViewController.h */,
				DC8527211F2220CB0057D92B /* SMSideMenusParentViewController.m */,
				DC6EA5121F20E2530067C851 /* SMSignInViewController.h */,
				DC6EA5131F20E2530067C851 /* SMSignInViewController.m */,
				DCF9F8221F21134A001E790A /* SMAboutUsViewController.h */,
				DCF9F8231F21134A001E790A /* SMAboutUsViewController.m */,
				DC6EA4F21F1F8C150067C851 /* SMMainViewController.h */,
				DC6EA4F31F1F8C150067C851 /* SMMainViewController.m */,
				DC6EA4F41F1F8C150067C851 /* SMSideMenuViewController.h */,
				DC6EA4F51F1F8C150067C851 /* SMSideMenuViewController.m */,
				DC8527231F2226510057D92B /* SMRequestCallbackViewController.h */,
				DC8527241F2226510057D92B /* SMRequestCallbackViewController.m */,
				DCE0DFBD1F44AC9700AAB030 /* SMReviewsViewController.h */,
				DCE0DFBE1F44AC9700AAB030 /* SMReviewsViewController.m */,
				DCE0DFC31F45D9F800AAB030 /* SMGalleryViewController.h */,
				DCE0DFC41F45D9F800AAB030 /* SMGalleryViewController.m */,
				DC32C6841F43775E00009AD2 /* SMSocialLinksViewController.h */,
				DC32C6851F43775E00009AD2 /* SMSocialLinksViewController.m */,
				DC85272E1F222DE40057D92B /* SMGetQuoteViewController.h */,
				DC85272F1F222DE40057D92B /* SMGetQuoteViewController.m */,
				DC8527361F2612180057D92B /* SMStartEndLocationViewController.h */,
				DC8527371F2612180057D92B /* SMStartEndLocationViewController.m */,
				DC8527391F2618B70057D92B /* SMMapViewController.h */,
				DC85273A1F2618B70057D92B /* SMMapViewController.m */,
				DCD208971F2B2F7100548C36 /* SMLocationSettingsViewController.h */,
				DCD208981F2B2F7100548C36 /* SMLocationSettingsViewController.m */,
				DCD2089A1F2B479800548C36 /* SMMovingTypeViewController.h */,
				DCD2089B1F2B479800548C36 /* SMMovingTypeViewController.m */,
				DC8513E21F5491A9005A0007 /* SMYourQuoteViewController.h */,
				DC8513E31F5491A9005A0007 /* SMYourQuoteViewController.m */,
			);
			name = Controller;
			sourceTree = "<group>";
		};
		DC8513DB1F52B670005A0007 /* Cells */ = {
			isa = PBXGroup;
			children = (
				DC6EA5051F1FDE770067C851 /* SMSideMenuViewCell.h */,
				DC6EA5061F1FDE770067C851 /* SMSideMenuViewCell.m */,
				DCD208C01F3CC66F00548C36 /* SMAddPhotoViewCell.h */,
				DCD208C11F3CC66F00548C36 /* SMAddPhotoViewCell.m */,
				DCE0DFC01F44AFDB00AAB030 /* SMReviewsViewCell.h */,
				DCE0DFC11F44AFDB00AAB030 /* SMReviewsViewCell.m */,
				DCE0DFC61F45DAFE00AAB030 /* SMGalleryViewCell.h */,
				DCE0DFC71F45DAFE00AAB030 /* SMGalleryViewCell.m */,
				DC8513DC1F52B6AD005A0007 /* SMProfileViewCell.h */,
				DC8513DD1F52B6AD005A0007 /* SMProfileViewCell.m */,
				DC8513DF1F52D656005A0007 /* SMDescriptionViewCell.h */,
				DC8513E01F52D656005A0007 /* SMDescriptionViewCell.m */,
			);
			name = Cells;
			sourceTree = "<group>";
		};
		DC85273C1F2618DB0057D92B /* Frameworks */ = {
			isa = PBXGroup;
			children = (
				DC8527561F28F7C70057D92B /* MessageUI.framework */,
				DC8527511F289AD10057D92B /* CoreLocation.framework */,
				DC85273D1F2618DB0057D92B /* MapKit.framework */,
				A4E711842A4405FE2D4818D0 /* libPods-ManWithVan.a */,
			);
			name = Frameworks;
			sourceTree = "<group>";
		};
		DC8B277A1F1E3589008710D1 = {
			isa = PBXGroup;
			children = (
				DC8B27851F1E3589008710D1 /* ManWithVan */,
				DC8B27841F1E3589008710D1 /* Products */,
				DC85273C1F2618DB0057D92B /* Frameworks */,
				1413710AE69849373072D112 /* Pods */,
			);
			sourceTree = "<group>";
		};
		DC8B27841F1E3589008710D1 /* Products */ = {
			isa = PBXGroup;
			children = (
				DC8B27831F1E3589008710D1 /* ManWithVan.app */,
			);
			name = Products;
			sourceTree = "<group>";
		};
		DC8B27851F1E3589008710D1 /* ManWithVan */ = {
			isa = PBXGroup;
			children = (
				DC6EA5111F20E2390067C851 /* Controller */,
				DC6EA5011F1FBB730067C851 /* Model */,
				DC6EA4FA1F1F91000067C851 /* View */,
				DC8B27891F1E3589008710D1 /* AppDelegate.h */,
				DC8B278A1F1E3589008710D1 /* AppDelegate.m */,
				DC8B278F1F1E3589008710D1 /* Main.storyboard */,
				DC8B27951F1E3589008710D1 /* Assets.xcassets */,
				DC8B27971F1E3589008710D1 /* LaunchScreen.storyboard */,
				DC8B279A1F1E3589008710D1 /* Info.plist */,
				DCBCD3451F573DAD008134A1 /* GoogleService-Info.plist */,
				DC8B27921F1E3589008710D1 /* ManWithVan.xcdatamodeld */,
				DC8B27861F1E3589008710D1 /* Supporting Files */,
			);
			path = ManWithVan;
			sourceTree = "<group>";
		};
		DC8B27861F1E3589008710D1 /* Supporting Files */ = {
			isa = PBXGroup;
			children = (
				DC8B27871F1E3589008710D1 /* main.m */,
			);
			name = "Supporting Files";
			sourceTree = "<group>";
		};
/* End PBXGroup section */

/* Begin PBXNativeTarget section */
		DC8B27821F1E3589008710D1 /* ManWithVan */ = {
			isa = PBXNativeTarget;
			buildConfigurationList = DC8B279D1F1E3589008710D1 /* Build configuration list for PBXNativeTarget "ManWithVan" */;
			buildPhases = (
				F0E08AD58890CFEBD933F5A1 /* [CP] Check Pods Manifest.lock */,
				DC8B277F1F1E3589008710D1 /* Sources */,
				DC8B27801F1E3589008710D1 /* Frameworks */,
				DC8B27811F1E3589008710D1 /* Resources */,
				FD927D2C89232FE84AD58658 /* [CP] Embed Pods Frameworks */,
				C8F3C093F941CDFC35539BED /* [CP] Copy Pods Resources */,
			);
			buildRules = (
			);
			dependencies = (
			);
			name = ManWithVan;
			productName = ManWithVan;
			productReference = DC8B27831F1E3589008710D1 /* ManWithVan.app */;
			productType = "com.apple.product-type.application";
		};
/* End PBXNativeTarget section */

/* Begin PBXProject section */
		DC8B277B1F1E3589008710D1 /* Project object */ = {
			isa = PBXProject;
			attributes = {
				LastUpgradeCheck = 0830;
				ORGANIZATIONNAME = Syngmaster;
				TargetAttributes = {
					DC8B27821F1E3589008710D1 = {
						CreatedOnToolsVersion = 8.3.3;
						DevelopmentTeam = RLMXU9393M;
						ProvisioningStyle = Manual;
					};
				};
			};
			buildConfigurationList = DC8B277E1F1E3589008710D1 /* Build configuration list for PBXProject "ManWithVan" */;
			compatibilityVersion = "Xcode 3.2";
			developmentRegion = English;
			hasScannedForEncodings = 0;
			knownRegions = (
				en,
				Base,
			);
			mainGroup = DC8B277A1F1E3589008710D1;
			productRefGroup = DC8B27841F1E3589008710D1 /* Products */;
			projectDirPath = "";
			projectRoot = "";
			targets = (
				DC8B27821F1E3589008710D1 /* ManWithVan */,
			);
		};
/* End PBXProject section */

/* Begin PBXResourcesBuildPhase section */
		DC8B27811F1E3589008710D1 /* Resources */ = {
			isa = PBXResourcesBuildPhase;
			buildActionMask = 2147483647;
			files = (
				DC8B27991F1E3589008710D1 /* LaunchScreen.storyboard in Resources */,
				DCBCD3461F573DAD008134A1 /* GoogleService-Info.plist in Resources */,
				DC8B27961F1E3589008710D1 /* Assets.xcassets in Resources */,
				DC8B27911F1E3589008710D1 /* Main.storyboard in Resources */,
			);
			runOnlyForDeploymentPostprocessing = 0;
		};
/* End PBXResourcesBuildPhase section */

/* Begin PBXShellScriptBuildPhase section */
		C8F3C093F941CDFC35539BED /* [CP] Copy Pods Resources */ = {
			isa = PBXShellScriptBuildPhase;
			buildActionMask = 2147483647;
			files = (
			);
			inputPaths = (
			);
			name = "[CP] Copy Pods Resources";
			outputPaths = (
			);
			runOnlyForDeploymentPostprocessing = 0;
			shellPath = /bin/sh;
			shellScript = "\"${SRCROOT}/Pods/Target Support Files/Pods-ManWithVan/Pods-ManWithVan-resources.sh\"\n";
			showEnvVarsInLog = 0;
		};
		F0E08AD58890CFEBD933F5A1 /* [CP] Check Pods Manifest.lock */ = {
			isa = PBXShellScriptBuildPhase;
			buildActionMask = 2147483647;
			files = (
			);
			inputPaths = (
			);
			name = "[CP] Check Pods Manifest.lock";
			outputPaths = (
			);
			runOnlyForDeploymentPostprocessing = 0;
			shellPath = /bin/sh;
			shellScript = "diff \"${PODS_ROOT}/../Podfile.lock\" \"${PODS_ROOT}/Manifest.lock\" > /dev/null\nif [ $? != 0 ] ; then\n    # print error to STDERR\n    echo \"error: The sandbox is not in sync with the Podfile.lock. Run 'pod install' or update your CocoaPods installation.\" >&2\n    exit 1\nfi\n";
			showEnvVarsInLog = 0;
		};
		FD927D2C89232FE84AD58658 /* [CP] Embed Pods Frameworks */ = {
			isa = PBXShellScriptBuildPhase;
			buildActionMask = 2147483647;
			files = (
			);
			inputPaths = (
			);
			name = "[CP] Embed Pods Frameworks";
			outputPaths = (
			);
			runOnlyForDeploymentPostprocessing = 0;
			shellPath = /bin/sh;
			shellScript = "\"${SRCROOT}/Pods/Target Support Files/Pods-ManWithVan/Pods-ManWithVan-frameworks.sh\"\n";
			showEnvVarsInLog = 0;
		};
/* End PBXShellScriptBuildPhase section */

/* Begin PBXSourcesBuildPhase section */
		DC8B277F1F1E3589008710D1 /* Sources */ = {
			isa = PBXSourcesBuildPhase;
			buildActionMask = 2147483647;
			files = (
				DC6EA5101F20D1960067C851 /* SMCustomTableView.m in Sources */,
				DC8513E11F52D656005A0007 /* SMDescriptionViewCell.m in Sources */,
				DC8527251F2226510057D92B /* SMRequestCallbackViewController.m in Sources */,
				DC8527301F222DE40057D92B /* SMGetQuoteViewController.m in Sources */,
				DC6EA5141F20E2530067C851 /* SMSignInViewController.m in Sources */,
				DCE0DFF71F49B43200AAB030 /* SMCustomNavBarWithoutBtn.m in Sources */,
				DC8527351F260DC80057D92B /* SMTickSelectionButton.m in Sources */,
				DCD2089C1F2B479800548C36 /* SMMovingTypeViewController.m in Sources */,
				DC6EA5001F1FBA590067C851 /* SMCustomButton.m in Sources */,
				DC6EA4F71F1F8C150067C851 /* SMDismissMenuAnimator.m in Sources */,
				DC8527221F2220CB0057D92B /* SMSideMenusParentViewController.m in Sources */,
				DCE0DFC81F45DAFE00AAB030 /* SMGalleryViewCell.m in Sources */,
				DC8527441F263BC70057D92B /* SMSegueButton.m in Sources */,
				DC6EA4F81F1F8C150067C851 /* SMMainViewController.m in Sources */,
				DC85271F1F221C1A0057D92B /* SMCustomLabel.m in Sources */,
				DCF9F8241F21134A001E790A /* SMAboutUsViewController.m in Sources */,
				DCE0DFC51F45D9F800AAB030 /* SMGalleryViewController.m in Sources */,
				DC8B27941F1E3589008710D1 /* ManWithVan.xcdatamodeld in Sources */,
				DC8527551F28A0990057D92B /* SMSetUpLocationData.m in Sources */,
				DC6EA5171F2107DD0067C851 /* SMCustomView.m in Sources */,
				DC6EA4F61F1F8C150067C851 /* SMPresentMenuAnimator.m in Sources */,
				DC8527501F2899640057D92B /* SMQuoteData.m in Sources */,
				DC6EA4FD1F1F91150067C851 /* SMCustomNavigationBar.m in Sources */,
				DCE0DFBC1F44A88400AAB030 /* SMReviewsModel.m in Sources */,
				DCE0DFBF1F44AC9700AAB030 /* SMReviewsViewController.m in Sources */,
				DC8513E41F5491A9005A0007 /* SMYourQuoteViewController.m in Sources */,
				DC8527411F2632480057D92B /* SMSectionLabel.m in Sources */,
				DC8513E71F570380005A0007 /* SMMapButton.m in Sources */,
				DCF9F8211F210C97001E790A /* SMCustomTextField.m in Sources */,
				DCD208991F2B2F7100548C36 /* SMLocationSettingsViewController.m in Sources */,
				DCD208931F2A015000548C36 /* SMPin.m in Sources */,
				DC6EA4F91F1F8C150067C851 /* SMSideMenuViewController.m in Sources */,
				DC8513DE1F52B6AD005A0007 /* SMProfileViewCell.m in Sources */,
				DCE0DFC21F44AFDB00AAB030 /* SMReviewsViewCell.m in Sources */,
				DC6EA5071F1FDE770067C851 /* SMSideMenuViewCell.m in Sources */,
				DCD208C61F40C3D100548C36 /* SMCustomActivityIndicator.m in Sources */,
				DCD208961F2A380A00548C36 /* SMLocationAddress.m in Sources */,
				DC8B278B1F1E3589008710D1 /* AppDelegate.m in Sources */,
				DCE0DFF11F48A4DD00AAB030 /* SMInteractor.m in Sources */,
				DC85273B1F2618B70057D92B /* SMMapViewController.m in Sources */,
				DC32C6861F43775E00009AD2 /* SMSocialLinksViewController.m in Sources */,
				DCD208C21F3CC66F00548C36 /* SMAddPhotoViewCell.m in Sources */,
				DC8527381F2612180057D92B /* SMStartEndLocationViewController.m in Sources */,
				DC8B27881F1E3589008710D1 /* main.m in Sources */,
				DCD208C31F40A51D00548C36 /* SMDataManager.m in Sources */,
			);
			runOnlyForDeploymentPostprocessing = 0;
		};
/* End PBXSourcesBuildPhase section */

/* Begin PBXVariantGroup section */
		DC8B278F1F1E3589008710D1 /* Main.storyboard */ = {
			isa = PBXVariantGroup;
			children = (
				DC8B27901F1E3589008710D1 /* Base */,
			);
			name = Main.storyboard;
			sourceTree = "<group>";
		};
		DC8B27971F1E3589008710D1 /* LaunchScreen.storyboard */ = {
			isa = PBXVariantGroup;
			children = (
				DC8B27981F1E3589008710D1 /* Base */,
			);
			name = LaunchScreen.storyboard;
			sourceTree = "<group>";
		};
/* End PBXVariantGroup section */

/* Begin XCBuildConfiguration section */
		DC8B279B1F1E3589008710D1 /* Debug */ = {
			isa = XCBuildConfiguration;
			buildSettings = {
				ALWAYS_SEARCH_USER_PATHS = NO;
				CLANG_ANALYZER_NONNULL = YES;
				CLANG_ANALYZER_NUMBER_OBJECT_CONVERSION = YES_AGGRESSIVE;
				CLANG_CXX_LANGUAGE_STANDARD = "gnu++0x";
				CLANG_CXX_LIBRARY = "libc++";
				CLANG_ENABLE_MODULES = YES;
				CLANG_ENABLE_OBJC_ARC = YES;
				CLANG_WARN_BOOL_CONVERSION = YES;
				CLANG_WARN_CONSTANT_CONVERSION = YES;
				CLANG_WARN_DIRECT_OBJC_ISA_USAGE = YES_ERROR;
				CLANG_WARN_DOCUMENTATION_COMMENTS = YES;
				CLANG_WARN_EMPTY_BODY = YES;
				CLANG_WARN_ENUM_CONVERSION = YES;
				CLANG_WARN_INFINITE_RECURSION = YES;
				CLANG_WARN_INT_CONVERSION = YES;
				CLANG_WARN_OBJC_ROOT_CLASS = YES_ERROR;
				CLANG_WARN_SUSPICIOUS_MOVE = YES;
				CLANG_WARN_UNREACHABLE_CODE = YES;
				CLANG_WARN__DUPLICATE_METHOD_MATCH = YES;
				CODE_SIGN_IDENTITY = "iPhone Developer";
				"CODE_SIGN_IDENTITY[sdk=iphoneos*]" = "iPhone Developer";
				COPY_PHASE_STRIP = NO;
				DEBUG_INFORMATION_FORMAT = dwarf;
				ENABLE_STRICT_OBJC_MSGSEND = YES;
				ENABLE_TESTABILITY = YES;
				GCC_C_LANGUAGE_STANDARD = gnu99;
				GCC_DYNAMIC_NO_PIC = NO;
				GCC_NO_COMMON_BLOCKS = YES;
				GCC_OPTIMIZATION_LEVEL = 0;
				GCC_PREPROCESSOR_DEFINITIONS = (
					"DEBUG=1",
					"$(inherited)",
				);
				GCC_WARN_64_TO_32_BIT_CONVERSION = YES;
				GCC_WARN_ABOUT_RETURN_TYPE = YES_ERROR;
				GCC_WARN_UNDECLARED_SELECTOR = YES;
				GCC_WARN_UNINITIALIZED_AUTOS = YES_AGGRESSIVE;
				GCC_WARN_UNUSED_FUNCTION = YES;
				GCC_WARN_UNUSED_VARIABLE = YES;
				IPHONEOS_DEPLOYMENT_TARGET = 9.0;
				MTL_ENABLE_DEBUG_INFO = YES;
				ONLY_ACTIVE_ARCH = YES;
				SDKROOT = iphoneos;
				TARGETED_DEVICE_FAMILY = "1,2";
			};
			name = Debug;
		};
		DC8B279C1F1E3589008710D1 /* Release */ = {
			isa = XCBuildConfiguration;
			buildSettings = {
				ALWAYS_SEARCH_USER_PATHS = NO;
				CLANG_ANALYZER_NONNULL = YES;
				CLANG_ANALYZER_NUMBER_OBJECT_CONVERSION = YES_AGGRESSIVE;
				CLANG_CXX_LANGUAGE_STANDARD = "gnu++0x";
				CLANG_CXX_LIBRARY = "libc++";
				CLANG_ENABLE_MODULES = YES;
				CLANG_ENABLE_OBJC_ARC = YES;
				CLANG_WARN_BOOL_CONVERSION = YES;
				CLANG_WARN_CONSTANT_CONVERSION = YES;
				CLANG_WARN_DIRECT_OBJC_ISA_USAGE = YES_ERROR;
				CLANG_WARN_DOCUMENTATION_COMMENTS = YES;
				CLANG_WARN_EMPTY_BODY = YES;
				CLANG_WARN_ENUM_CONVERSION = YES;
				CLANG_WARN_INFINITE_RECURSION = YES;
				CLANG_WARN_INT_CONVERSION = YES;
				CLANG_WARN_OBJC_ROOT_CLASS = YES_ERROR;
				CLANG_WARN_SUSPICIOUS_MOVE = YES;
				CLANG_WARN_UNREACHABLE_CODE = YES;
				CLANG_WARN__DUPLICATE_METHOD_MATCH = YES;
				CODE_SIGN_IDENTITY = "iPhone Distribution";
				"CODE_SIGN_IDENTITY[sdk=iphoneos*]" = "iPhone Developer";
				COPY_PHASE_STRIP = NO;
				DEBUG_INFORMATION_FORMAT = "dwarf-with-dsym";
				ENABLE_NS_ASSERTIONS = NO;
				ENABLE_STRICT_OBJC_MSGSEND = YES;
				GCC_C_LANGUAGE_STANDARD = gnu99;
				GCC_NO_COMMON_BLOCKS = YES;
				GCC_WARN_64_TO_32_BIT_CONVERSION = YES;
				GCC_WARN_ABOUT_RETURN_TYPE = YES_ERROR;
				GCC_WARN_UNDECLARED_SELECTOR = YES;
				GCC_WARN_UNINITIALIZED_AUTOS = YES_AGGRESSIVE;
				GCC_WARN_UNUSED_FUNCTION = YES;
				GCC_WARN_UNUSED_VARIABLE = YES;
				IPHONEOS_DEPLOYMENT_TARGET = 9.0;
				MTL_ENABLE_DEBUG_INFO = NO;
				SDKROOT = iphoneos;
				TARGETED_DEVICE_FAMILY = "1,2";
				VALIDATE_PRODUCT = YES;
			};
			name = Release;
		};
		DC8B279E1F1E3589008710D1 /* Debug */ = {
			isa = XCBuildConfiguration;
			baseConfigurationReference = 246BC91866446648B724B77E /* Pods-ManWithVan.debug.xcconfig */;
			buildSettings = {
				ASSETCATALOG_COMPILER_APPICON_NAME = AppIcon;
				CODE_SIGN_IDENTITY = "iPhone Developer: Maksim Artemov (YGBSDM6QAT)";
				"CODE_SIGN_IDENTITY[sdk=iphoneos*]" = "iPhone Developer";
				DEVELOPMENT_TEAM = RLMXU9393M;
				INFOPLIST_FILE = ManWithVan/Info.plist;
				IPHONEOS_DEPLOYMENT_TARGET = 9.0;
				LD_RUNPATH_SEARCH_PATHS = "$(inherited) @executable_path/Frameworks";
				PRODUCT_BUNDLE_IDENTIFIER = "XC-com-ManWithVan";
				PRODUCT_NAME = "$(TARGET_NAME)";
				PROVISIONING_PROFILE = "eb2c369f-aec0-4db5-8bec-bdbf73fb2b39";
				PROVISIONING_PROFILE_SPECIFIER = ManWithVanDevelopment;
				TARGETED_DEVICE_FAMILY = 1;
			};
			name = Debug;
		};
		DC8B279F1F1E3589008710D1 /* Release */ = {
			isa = XCBuildConfiguration;
			baseConfigurationReference = 0E327D297DFB6C5688BEA6F9 /* Pods-ManWithVan.release.xcconfig */;
			buildSettings = {
				ASSETCATALOG_COMPILER_APPICON_NAME = AppIcon;
				CODE_SIGN_IDENTITY = "iPhone Distribution: Maksim Artemov (RLMXU9393M)";
				"CODE_SIGN_IDENTITY[sdk=iphoneos*]" = "iPhone Distribution";
				DEVELOPMENT_TEAM = RLMXU9393M;
				INFOPLIST_FILE = ManWithVan/Info.plist;
				IPHONEOS_DEPLOYMENT_TARGET = 9.0;
				LD_RUNPATH_SEARCH_PATHS = "$(inherited) @executable_path/Frameworks";
				PRODUCT_BUNDLE_IDENTIFIER = "XC-com-ManWithVan";
				PRODUCT_NAME = "$(TARGET_NAME)";
				PROVISIONING_PROFILE = "97847d31-97c0-4c2f-beaf-df48c7d87bb3";
				PROVISIONING_PROFILE_SPECIFIER = ManWithVanDistribution;
				TARGETED_DEVICE_FAMILY = 1;
			};
			name = Release;
		};
/* End XCBuildConfiguration section */

/* Begin XCConfigurationList section */
		DC8B277E1F1E3589008710D1 /* Build configuration list for PBXProject "ManWithVan" */ = {
			isa = XCConfigurationList;
			buildConfigurations = (
				DC8B279B1F1E3589008710D1 /* Debug */,
				DC8B279C1F1E3589008710D1 /* Release */,
			);
			defaultConfigurationIsVisible = 0;
			defaultConfigurationName = Release;
		};
		DC8B279D1F1E3589008710D1 /* Build configuration list for PBXNativeTarget "ManWithVan" */ = {
			isa = XCConfigurationList;
			buildConfigurations = (
				DC8B279E1F1E3589008710D1 /* Debug */,
				DC8B279F1F1E3589008710D1 /* Release */,
			);
			defaultConfigurationIsVisible = 0;
			defaultConfigurationName = Release;
		};
/* End XCConfigurationList section */

/* Begin XCVersionGroup section */
		DC8B27921F1E3589008710D1 /* ManWithVan.xcdatamodeld */ = {
			isa = XCVersionGroup;
			children = (
				DC8B27931F1E3589008710D1 /* ManWithVan.xcdatamodel */,
			);
			currentVersion = DC8B27931F1E3589008710D1 /* ManWithVan.xcdatamodel */;
			path = ManWithVan.xcdatamodeld;
			sourceTree = "<group>";
			versionGroupType = wrapper.xcdatamodel;
		};
/* End XCVersionGroup section */
	};
	rootObject = DC8B277B1F1E3589008710D1 /* Project object */;
}
